
Microsoft Visual Studio Solution File, Format Version 12.00
# Visual Studio Version 17
VisualStudioVersion = 17.7.34202.233
MinimumVisualStudioVersion = 10.0.40219.1
Project("{FAE04EC0-301F-11D3-BF4B-00C04F79EFBC}") = "first web", "first web.csproj", "{FE27887B-29FF-475C-AC04-E1D6EE68D2EE}"
EndProject
Global
	GlobalSection(SolutionConfigurationPlatforms) = preSolution
		Debug|Any CPU = Debug|Any CPU
		Release|Any CPU = Release|Any CPU
	EndGlobalSection
	GlobalSection(ProjectConfigurationPlatforms) = postSolution
		{FE27887B-29FF-475C-AC04-E1D6EE68D2EE}.Debug|Any CPU.ActiveCfg = Debug|Any CPU
		{FE27887B-29FF-475C-AC04-E1D6EE68D2EE}.Debug|Any CPU.Build.0 = Debug|Any CPU
		{FE27887B-29FF-475C-AC04-E1D6EE68D2EE}.Release|Any CPU.ActiveCfg = Release|Any CPU
		{FE27887B-29FF-475C-AC04-E1D6EE68D2EE}.Release|Any CPU.Build.0 = Release|Any CPU
	EndGlobalSection
	GlobalSection(SolutionProperties) = preSolution
		HideSolutionNode = FALSE
	EndGlobalSection
	GlobalSection(ExtensibilityGlobals) = postSolution
		SolutionGuid = {C1EDDBA0-5055-4CD5-9F27-D83C127D3D09}
	EndGlobalSection
EndGlobal
